
Microsoft Visual Studio Solution File, Format Version 12.00
# Visual Studio Version 17
VisualStudioVersion = 17.2.32630.192
MinimumVisualStudioVersion = 10.0.40219.1
Project("{9A19103F-16F7-4668-BE54-9A1E7A4F7556}") = "BusinessSearch", "BusinessSearch\BusinessSearch.csproj", "{F5143BFF-D597-493B-91B8-13BD84AB329E}"
EndProject
Global
	GlobalSection(SolutionConfigurationPlatforms) = preSolution
		Debug|Any CPU = Debug|Any CPU
		Release|Any CPU = Release|Any CPU
	EndGlobalSection
	GlobalSection(ProjectConfigurationPlatforms) = postSolution
		{F5143BFF-D597-493B-91B8-13BD84AB329E}.Debug|Any CPU.ActiveCfg = Debug|Any CPU
		{F5143BFF-D597-493B-91B8-13BD84AB329E}.Debug|Any CPU.Build.0 = Debug|Any CPU
		{F5143BFF-D597-493B-91B8-13BD84AB329E}.Release|Any CPU.ActiveCfg = Release|Any CPU
		{F5143BFF-D597-493B-91B8-13BD84AB329E}.Release|Any CPU.Build.0 = Release|Any CPU
	EndGlobalSection
	GlobalSection(SolutionProperties) = preSolution
		HideSolutionNode = FALSE
	EndGlobalSection
	GlobalSection(ExtensibilityGlobals) = postSolution
		SolutionGuid = {B0FB2E24-D092-47CF-92F9-43105CE3AAC8}
	EndGlobalSection
EndGlobal
